
Microsoft Visual Studio Solution File, Format Version 12.00
# Visual Studio Version 16
VisualStudioVersion = 16.0.30709.132
MinimumVisualStudioVersion = 10.0.40219.1
Project("{2150E333-8FDC-42A3-9474-1A3956D46DE8}") = "02-应用服务", "02-应用服务", "{02699574-4938-4F2F-AF67-6444D9A60B53}"
EndProject
Project("{2150E333-8FDC-42A3-9474-1A3956D46DE8}") = "03-领域模型", "03-领域模型", "{B150600C-4E14-4E6A-8874-6A0A5E52F207}"
EndProject
Project("{2150E333-8FDC-42A3-9474-1A3956D46DE8}") = "04-基础设施", "04-基础设施", "{F607BEA7-D569-4116-BF49-E4ED5B4E6DC8}"
EndProject
Project("{9A19103F-16F7-4668-BE54-9A1E7A4F7556}") = "IFire.WebHost", "IFire.WebHost\IFire.WebHost.csproj", "{9338AA8D-BE0B-4A89-A974-F8144E8D4726}"
EndProject
Project("{2150E333-8FDC-42A3-9474-1A3956D46DE8}") = "01-用户接口", "01-用户接口", "{2BED5B50-2B06-4A1C-8BEB-7AED02F17ED8}"
EndProject
Project("{9A19103F-16F7-4668-BE54-9A1E7A4F7556}") = "IFire.Auth", "IFire.Auth\IFire.Auth.csproj", "{2F01A858-E940-4472-9BEE-7D2F98D73361}"
EndProject
Project("{9A19103F-16F7-4668-BE54-9A1E7A4F7556}") = "IFire.Application", "IFire.Application\IFire.Application.csproj", "{71A2A1A1-E69E-4ACB-8EF5-9835F0DD1470}"
EndProject
Project("{9A19103F-16F7-4668-BE54-9A1E7A4F7556}") = "IFire.Data", "IFire.Data\IFire.Data.csproj", "{D7696700-AC6B-48CB-B602-B508E81AFED7}"
EndProject
Project("{9A19103F-16F7-4668-BE54-9A1E7A4F7556}") = "IFire.Domain", "IFire.Domain\IFire.Domain.csproj", "{697EDF34-ADCF-4DA5-954F-AC9258714E18}"
EndProject
Project("{9A19103F-16F7-4668-BE54-9A1E7A4F7556}") = "IFire.Framework", "IFire.Framework\IFire.Framework.csproj", "{079E3CB3-796D-420D-A40C-53A2BA574706}"
EndProject
Project("{FAE04EC0-301F-11D3-BF4B-00C04F79EFBC}") = "IFire.CodeGenerator", "IFire.CodeGenerator\IFire.CodeGenerator.csproj", "{FB4D5E16-0A8D-47C2-A4CD-FD7E368E423E}"
EndProject
Project("{FAE04EC0-301F-11D3-BF4B-00C04F79EFBC}") = "IFire.Model", "IFire.Model\IFire.Model.csproj", "{8B2EC295-1457-491C-9D35-5C69C850ED2A}"
EndProject
Global
	GlobalSection(SolutionConfigurationPlatforms) = preSolution
		Debug|Any CPU = Debug|Any CPU
		Release|Any CPU = Release|Any CPU
	EndGlobalSection
	GlobalSection(ProjectConfigurationPlatforms) = postSolution
		{9338AA8D-BE0B-4A89-A974-F8144E8D4726}.Debug|Any CPU.ActiveCfg = Debug|Any CPU
		{9338AA8D-BE0B-4A89-A974-F8144E8D4726}.Debug|Any CPU.Build.0 = Debug|Any CPU
		{9338AA8D-BE0B-4A89-A974-F8144E8D4726}.Release|Any CPU.ActiveCfg = Release|Any CPU
		{9338AA8D-BE0B-4A89-A974-F8144E8D4726}.Release|Any CPU.Build.0 = Release|Any CPU
		{2F01A858-E940-4472-9BEE-7D2F98D73361}.Debug|Any CPU.ActiveCfg = Debug|Any CPU
		{2F01A858-E940-4472-9BEE-7D2F98D73361}.Debug|Any CPU.Build.0 = Debug|Any CPU
		{2F01A858-E940-4472-9BEE-7D2F98D73361}.Release|Any CPU.ActiveCfg = Release|Any CPU
		{2F01A858-E940-4472-9BEE-7D2F98D73361}.Release|Any CPU.Build.0 = Release|Any CPU
		{71A2A1A1-E69E-4ACB-8EF5-9835F0DD1470}.Debug|Any CPU.ActiveCfg = Debug|Any CPU
		{71A2A1A1-E69E-4ACB-8EF5-9835F0DD1470}.Debug|Any CPU.Build.0 = Debug|Any CPU
		{71A2A1A1-E69E-4ACB-8EF5-9835F0DD1470}.Release|Any CPU.ActiveCfg = Release|Any CPU
		{71A2A1A1-E69E-4ACB-8EF5-9835F0DD1470}.Release|Any CPU.Build.0 = Release|Any CPU
		{D7696700-AC6B-48CB-B602-B508E81AFED7}.Debug|Any CPU.ActiveCfg = Debug|Any CPU
		{D7696700-AC6B-48CB-B602-B508E81AFED7}.Debug|Any CPU.Build.0 = Debug|Any CPU
		{D7696700-AC6B-48CB-B602-B508E81AFED7}.Release|Any CPU.ActiveCfg = Release|Any CPU
		{D7696700-AC6B-48CB-B602-B508E81AFED7}.Release|Any CPU.Build.0 = Release|Any CPU
		{697EDF34-ADCF-4DA5-954F-AC9258714E18}.Debug|Any CPU.ActiveCfg = Debug|Any CPU
		{697EDF34-ADCF-4DA5-954F-AC9258714E18}.Debug|Any CPU.Build.0 = Debug|Any CPU
		{697EDF34-ADCF-4DA5-954F-AC9258714E18}.Release|Any CPU.ActiveCfg = Release|Any CPU
		{697EDF34-ADCF-4DA5-954F-AC9258714E18}.Release|Any CPU.Build.0 = Release|Any CPU
		{079E3CB3-796D-420D-A40C-53A2BA574706}.Debug|Any CPU.ActiveCfg = Debug|Any CPU
		{079E3CB3-796D-420D-A40C-53A2BA574706}.Debug|Any CPU.Build.0 = Debug|Any CPU
		{079E3CB3-796D-420D-A40C-53A2BA574706}.Release|Any CPU.ActiveCfg = Release|Any CPU
		{079E3CB3-796D-420D-A40C-53A2BA574706}.Release|Any CPU.Build.0 = Release|Any CPU
		{FB4D5E16-0A8D-47C2-A4CD-FD7E368E423E}.Debug|Any CPU.ActiveCfg = Debug|Any CPU
		{FB4D5E16-0A8D-47C2-A4CD-FD7E368E423E}.Debug|Any CPU.Build.0 = Debug|Any CPU
		{FB4D5E16-0A8D-47C2-A4CD-FD7E368E423E}.Release|Any CPU.ActiveCfg = Release|Any CPU
		{FB4D5E16-0A8D-47C2-A4CD-FD7E368E423E}.Release|Any CPU.Build.0 = Release|Any CPU
		{8B2EC295-1457-491C-9D35-5C69C850ED2A}.Debug|Any CPU.ActiveCfg = Debug|Any CPU
		{8B2EC295-1457-491C-9D35-5C69C850ED2A}.Debug|Any CPU.Build.0 = Debug|Any CPU
		{8B2EC295-1457-491C-9D35-5C69C850ED2A}.Release|Any CPU.ActiveCfg = Release|Any CPU
		{8B2EC295-1457-491C-9D35-5C69C850ED2A}.Release|Any CPU.Build.0 = Release|Any CPU
	EndGlobalSection
	GlobalSection(SolutionProperties) = preSolution
		HideSolutionNode = FALSE
	EndGlobalSection
	GlobalSection(NestedProjects) = preSolution
		{9338AA8D-BE0B-4A89-A974-F8144E8D4726} = {2BED5B50-2B06-4A1C-8BEB-7AED02F17ED8}
		{2F01A858-E940-4472-9BEE-7D2F98D73361} = {F607BEA7-D569-4116-BF49-E4ED5B4E6DC8}
		{71A2A1A1-E69E-4ACB-8EF5-9835F0DD1470} = {02699574-4938-4F2F-AF67-6444D9A60B53}
		{D7696700-AC6B-48CB-B602-B508E81AFED7} = {F607BEA7-D569-4116-BF49-E4ED5B4E6DC8}
		{697EDF34-ADCF-4DA5-954F-AC9258714E18} = {B150600C-4E14-4E6A-8874-6A0A5E52F207}
		{079E3CB3-796D-420D-A40C-53A2BA574706} = {F607BEA7-D569-4116-BF49-E4ED5B4E6DC8}
		{FB4D5E16-0A8D-47C2-A4CD-FD7E368E423E} = {F607BEA7-D569-4116-BF49-E4ED5B4E6DC8}
		{8B2EC295-1457-491C-9D35-5C69C850ED2A} = {B150600C-4E14-4E6A-8874-6A0A5E52F207}
	EndGlobalSection
	GlobalSection(ExtensibilityGlobals) = postSolution
		SolutionGuid = {2A256722-4E13-4114-9E29-AEFABF6345E3}
	EndGlobalSection
EndGlobal
